
Microsoft Visual Studio Solution File, Format Version 12.00
# Visual Studio 14
VisualStudioVersion = 14.0.25420.1
MinimumVisualStudioVersion = 10.0.40219.1
Project("{FAE04EC0-301F-11D3-BF4B-00C04F79EFBC}") = "OAuthRestSharp", "OAuthRestSharp\OAuthRestSharp.csproj", "{AC66DC8A-3DED-4F6F-B04F-C6AC0DA5DC6D}"
EndProject
Project("{FAE04EC0-301F-11D3-BF4B-00C04F79EFBC}") = "OAuthRestSharp.UnitTests", "OAuthRestSharp.UnitTests\OAuthRestSharp.UnitTests.csproj", "{CCD1EA6F-620E-4108-86BD-04425B7C059C}"
EndProject
Global
	GlobalSection(SolutionConfigurationPlatforms) = preSolution
		Debug|Any CPU = Debug|Any CPU
		Release|Any CPU = Release|Any CPU
	EndGlobalSection
	GlobalSection(ProjectConfigurationPlatforms) = postSolution
		{AC66DC8A-3DED-4F6F-B04F-C6AC0DA5DC6D}.Debug|Any CPU.ActiveCfg = Debug|Any CPU
		{AC66DC8A-3DED-4F6F-B04F-C6AC0DA5DC6D}.Debug|Any CPU.Build.0 = Debug|Any CPU
		{AC66DC8A-3DED-4F6F-B04F-C6AC0DA5DC6D}.Release|Any CPU.ActiveCfg = Release|Any CPU
		{AC66DC8A-3DED-4F6F-B04F-C6AC0DA5DC6D}.Release|Any CPU.Build.0 = Release|Any CPU
		{CCD1EA6F-620E-4108-86BD-04425B7C059C}.Debug|Any CPU.ActiveCfg = Debug|Any CPU
		{CCD1EA6F-620E-4108-86BD-04425B7C059C}.Debug|Any CPU.Build.0 = Debug|Any CPU
		{CCD1EA6F-620E-4108-86BD-04425B7C059C}.Release|Any CPU.ActiveCfg = Release|Any CPU
		{CCD1EA6F-620E-4108-86BD-04425B7C059C}.Release|Any CPU.Build.0 = Release|Any CPU
	EndGlobalSection
	GlobalSection(SolutionProperties) = preSolution
		HideSolutionNode = FALSE
	EndGlobalSection
EndGlobal
